
Microsoft Visual Studio Solution File, Format Version 12.00
# Visual Studio 15
VisualStudioVersion = 15.0.28307.902
MinimumVisualStudioVersion = 10.0.40219.1
Project("{FAE04EC0-301F-11D3-BF4B-00C04F79EFBC}") = "COG", "COG\COG.csproj", "{4D2A103D-9B0E-405F-AB57-AD384DB775D8}"
EndProject
Project("{2150E333-8FDC-42A3-9474-1A3956D46DE8}") = "Apps", "Apps", "{4B7A6CFF-D7D4-493C-9DE9-CE85AFDE8FE2}"
EndProject
Global
	GlobalSection(SolutionConfigurationPlatforms) = preSolution
		CRD_TUFFY_PC1_MODE|Any CPU = CRD_TUFFY_PC1_MODE|Any CPU
		CRD_TUFFY_PC1_MODE|x64 = CRD_TUFFY_PC1_MODE|x64
		CRD_TUFFY_PC1_MODE|x86 = CRD_TUFFY_PC1_MODE|x86
		Debug|Any CPU = Debug|Any CPU
		Debug|x64 = Debug|x64
		Debug|x86 = Debug|x86
		ENCAP_CRD_PC1_MODE|Any CPU = ENCAP_CRD_PC1_MODE|Any CPU
		ENCAP_CRD_PC1_MODE|x64 = ENCAP_CRD_PC1_MODE|x64
		ENCAP_CRD_PC1_MODE|x86 = ENCAP_CRD_PC1_MODE|x86
		FOB_ACF_BONDER_PC5_MODE|Any CPU = FOB_ACF_BONDER_PC5_MODE|Any CPU
		FOB_ACF_BONDER_PC5_MODE|x64 = FOB_ACF_BONDER_PC5_MODE|x64
		FOB_ACF_BONDER_PC5_MODE|x86 = FOB_ACF_BONDER_PC5_MODE|x86
		FOB_ACF_BONDER_PC6_MODE|Any CPU = FOB_ACF_BONDER_PC6_MODE|Any CPU
		FOB_ACF_BONDER_PC6_MODE|x64 = FOB_ACF_BONDER_PC6_MODE|x64
		FOB_ACF_BONDER_PC6_MODE|x86 = FOB_ACF_BONDER_PC6_MODE|x86
		FOB_FINAL_BONDER_PC2_MODE|Any CPU = FOB_FINAL_BONDER_PC2_MODE|Any CPU
		FOB_FINAL_BONDER_PC2_MODE|x64 = FOB_FINAL_BONDER_PC2_MODE|x64
		FOB_FINAL_BONDER_PC2_MODE|x86 = FOB_FINAL_BONDER_PC2_MODE|x86
		FOB_FINAL_BONDER_PC3_MODE|Any CPU = FOB_FINAL_BONDER_PC3_MODE|Any CPU
		FOB_FINAL_BONDER_PC3_MODE|x64 = FOB_FINAL_BONDER_PC3_MODE|x64
		FOB_FINAL_BONDER_PC3_MODE|x86 = FOB_FINAL_BONDER_PC3_MODE|x86
		FOB_INSPECT_PC4_MODE|Any CPU = FOB_INSPECT_PC4_MODE|Any CPU
		FOB_INSPECT_PC4_MODE|x64 = FOB_INSPECT_PC4_MODE|x64
		FOB_INSPECT_PC4_MODE|x86 = FOB_INSPECT_PC4_MODE|x86
		FOB_PANEL_ALIGN_PC1_MODE|Any CPU = FOB_PANEL_ALIGN_PC1_MODE|Any CPU
		FOB_PANEL_ALIGN_PC1_MODE|x64 = FOB_PANEL_ALIGN_PC1_MODE|x64
		FOB_PANEL_ALIGN_PC1_MODE|x86 = FOB_PANEL_ALIGN_PC1_MODE|x86
		FOF_FINAL_BONDER_PC5_MODE|Any CPU = FOF_FINAL_BONDER_PC5_MODE|Any CPU
		FOF_FINAL_BONDER_PC5_MODE|x64 = FOF_FINAL_BONDER_PC5_MODE|x64
		FOF_FINAL_BONDER_PC5_MODE|x86 = FOF_FINAL_BONDER_PC5_MODE|x86
		FOF_FOF_ACF_BONDER_PC7_MODE|Any CPU = FOF_FOF_ACF_BONDER_PC7_MODE|Any CPU
		FOF_FOF_ACF_BONDER_PC7_MODE|x64 = FOF_FOF_ACF_BONDER_PC7_MODE|x64
		FOF_FOF_ACF_BONDER_PC7_MODE|x86 = FOF_FOF_ACF_BONDER_PC7_MODE|x86
		FOF_FOF_ACF_BONDER_PC8_MODE|Any CPU = FOF_FOF_ACF_BONDER_PC8_MODE|Any CPU
		FOF_FOF_ACF_BONDER_PC8_MODE|x64 = FOF_FOF_ACF_BONDER_PC8_MODE|x64
		FOF_FOF_ACF_BONDER_PC8_MODE|x86 = FOF_FOF_ACF_BONDER_PC8_MODE|x86
		FOF_FOP_ACF_BONDER_PC1_MODE|Any CPU = FOF_FOP_ACF_BONDER_PC1_MODE|Any CPU
		FOF_FOP_ACF_BONDER_PC1_MODE|x64 = FOF_FOP_ACF_BONDER_PC1_MODE|x64
		FOF_FOP_ACF_BONDER_PC1_MODE|x86 = FOF_FOP_ACF_BONDER_PC1_MODE|x86
		FOF_FOP_ACF_BONDER_PC2_MODE|Any CPU = FOF_FOP_ACF_BONDER_PC2_MODE|Any CPU
		FOF_FOP_ACF_BONDER_PC2_MODE|x64 = FOF_FOP_ACF_BONDER_PC2_MODE|x64
		FOF_FOP_ACF_BONDER_PC2_MODE|x86 = FOF_FOP_ACF_BONDER_PC2_MODE|x86
		FOF_FPC_LOADER_PC6_MODE|Any CPU = FOF_FPC_LOADER_PC6_MODE|Any CPU
		FOF_FPC_LOADER_PC6_MODE|x64 = FOF_FPC_LOADER_PC6_MODE|x64
		FOF_FPC_LOADER_PC6_MODE|x86 = FOF_FPC_LOADER_PC6_MODE|x86
		FOF_PRE_BONDER_PC3_MODE|Any CPU = FOF_PRE_BONDER_PC3_MODE|Any CPU
		FOF_PRE_BONDER_PC3_MODE|x64 = FOF_PRE_BONDER_PC3_MODE|x64
		FOF_PRE_BONDER_PC3_MODE|x86 = FOF_PRE_BONDER_PC3_MODE|x86
		FOF_PRE_BONDER_PC4_MODE|Any CPU = FOF_PRE_BONDER_PC4_MODE|Any CPU
		FOF_PRE_BONDER_PC4_MODE|x64 = FOF_PRE_BONDER_PC4_MODE|x64
		FOF_PRE_BONDER_PC4_MODE|x86 = FOF_PRE_BONDER_PC4_MODE|x86
		OLB_ACF_BONDER_PC1_MODE|Any CPU = OLB_ACF_BONDER_PC1_MODE|Any CPU
		OLB_ACF_BONDER_PC1_MODE|x64 = OLB_ACF_BONDER_PC1_MODE|x64
		OLB_ACF_BONDER_PC1_MODE|x86 = OLB_ACF_BONDER_PC1_MODE|x86
		OLB_ACF_BONDER_PC2_MODE|Any CPU = OLB_ACF_BONDER_PC2_MODE|Any CPU
		OLB_ACF_BONDER_PC2_MODE|x64 = OLB_ACF_BONDER_PC2_MODE|x64
		OLB_ACF_BONDER_PC2_MODE|x86 = OLB_ACF_BONDER_PC2_MODE|x86
		OLB_COF_LOADER_PC4_MODE|Any CPU = OLB_COF_LOADER_PC4_MODE|Any CPU
		OLB_COF_LOADER_PC4_MODE|x64 = OLB_COF_LOADER_PC4_MODE|x64
		OLB_COF_LOADER_PC4_MODE|x86 = OLB_COF_LOADER_PC4_MODE|x86
		OLB_COF_LOADER_PC5_MODE|Any CPU = OLB_COF_LOADER_PC5_MODE|Any CPU
		OLB_COF_LOADER_PC5_MODE|x64 = OLB_COF_LOADER_PC5_MODE|x64
		OLB_COF_LOADER_PC5_MODE|x86 = OLB_COF_LOADER_PC5_MODE|x86
		OLB_FINAL_BONDER_PC6_MODE|Any CPU = OLB_FINAL_BONDER_PC6_MODE|Any CPU
		OLB_FINAL_BONDER_PC6_MODE|x64 = OLB_FINAL_BONDER_PC6_MODE|x64
		OLB_FINAL_BONDER_PC6_MODE|x86 = OLB_FINAL_BONDER_PC6_MODE|x86
		OLB_PRE_BONDER_PC3_MODE|Any CPU = OLB_PRE_BONDER_PC3_MODE|Any CPU
		OLB_PRE_BONDER_PC3_MODE|x64 = OLB_PRE_BONDER_PC3_MODE|x64
		OLB_PRE_BONDER_PC3_MODE|x86 = OLB_PRE_BONDER_PC3_MODE|x86
		Releas|Any CPU = Releas|Any CPU
		Releas|x64 = Releas|x64
		Releas|x86 = Releas|x86
		Release|Any CPU = Release|Any CPU
		Release|x64 = Release|x64
		Release|x86 = Release|x86
		TFOG_ALIGN_INSPECT_PC4_MODE|Any CPU = TFOG_ALIGN_INSPECT_PC4_MODE|Any CPU
		TFOG_ALIGN_INSPECT_PC4_MODE|x64 = TFOG_ALIGN_INSPECT_PC4_MODE|x64
		TFOG_ALIGN_INSPECT_PC4_MODE|x86 = TFOG_ALIGN_INSPECT_PC4_MODE|x86
		TFOG_FINAL_BONDER_PC3_MODE|Any CPU = TFOG_FINAL_BONDER_PC3_MODE|Any CPU
		TFOG_FINAL_BONDER_PC3_MODE|x64 = TFOG_FINAL_BONDER_PC3_MODE|x64
		TFOG_FINAL_BONDER_PC3_MODE|x86 = TFOG_FINAL_BONDER_PC3_MODE|x86
		TFOG_FOP_ACF_BONDER_PC1_MODE|Any CPU = TFOG_FOP_ACF_BONDER_PC1_MODE|Any CPU
		TFOG_FOP_ACF_BONDER_PC1_MODE|x64 = TFOG_FOP_ACF_BONDER_PC1_MODE|x64
		TFOG_FOP_ACF_BONDER_PC1_MODE|x86 = TFOG_FOP_ACF_BONDER_PC1_MODE|x86
		TFOG_PRE_BONDER_PC2_MODE|Any CPU = TFOG_PRE_BONDER_PC2_MODE|Any CPU
		TFOG_PRE_BONDER_PC2_MODE|x64 = TFOG_PRE_BONDER_PC2_MODE|x64
		TFOG_PRE_BONDER_PC2_MODE|x86 = TFOG_PRE_BONDER_PC2_MODE|x86
	EndGlobalSection
	GlobalSection(ProjectConfigurationPlatforms) = postSolution
		{4D2A103D-9B0E-405F-AB57-AD384DB775D8}.CRD_TUFFY_PC1_MODE|Any CPU.ActiveCfg = CRD_TUFFY_PC1_MODE|Any CPU
		{4D2A103D-9B0E-405F-AB57-AD384DB775D8}.CRD_TUFFY_PC1_MODE|Any CPU.Build.0 = CRD_TUFFY_PC1_MODE|Any CPU
		{4D2A103D-9B0E-405F-AB57-AD384DB775D8}.CRD_TUFFY_PC1_MODE|x64.ActiveCfg = CRD_TUFFY_PC1_MODE|x64
		{4D2A103D-9B0E-405F-AB57-AD384DB775D8}.CRD_TUFFY_PC1_MODE|x64.Build.0 = CRD_TUFFY_PC1_MODE|x64
		{4D2A103D-9B0E-405F-AB57-AD384DB775D8}.CRD_TUFFY_PC1_MODE|x86.ActiveCfg = CRD_TUFFY_PC1_MODE|Any CPU
		{4D2A103D-9B0E-405F-AB57-AD384DB775D8}.CRD_TUFFY_PC1_MODE|x86.Build.0 = CRD_TUFFY_PC1_MODE|Any CPU
		{4D2A103D-9B0E-405F-AB57-AD384DB775D8}.Debug|Any CPU.ActiveCfg = Debug|Any CPU
		{4D2A103D-9B0E-405F-AB57-AD384DB775D8}.Debug|Any CPU.Build.0 = Debug|Any CPU
		{4D2A103D-9B0E-405F-AB57-AD384DB775D8}.Debug|x64.ActiveCfg = Debug|x64
		{4D2A103D-9B0E-405F-AB57-AD384DB775D8}.Debug|x64.Build.0 = Debug|x64
		{4D2A103D-9B0E-405F-AB57-AD384DB775D8}.Debug|x86.ActiveCfg = Debug|Any CPU
		{4D2A103D-9B0E-405F-AB57-AD384DB775D8}.Debug|x86.Build.0 = Debug|Any CPU
		{4D2A103D-9B0E-405F-AB57-AD384DB775D8}.ENCAP_CRD_PC1_MODE|Any CPU.ActiveCfg = ENCAP_CRD_PC1_MODE|Any CPU
		{4D2A103D-9B0E-405F-AB57-AD384DB775D8}.ENCAP_CRD_PC1_MODE|Any CPU.Build.0 = ENCAP_CRD_PC1_MODE|Any CPU
		{4D2A103D-9B0E-405F-AB57-AD384DB775D8}.ENCAP_CRD_PC1_MODE|x64.ActiveCfg = ENCAP_CRD_PC1_MODE|x64
		{4D2A103D-9B0E-405F-AB57-AD384DB775D8}.ENCAP_CRD_PC1_MODE|x64.Build.0 = ENCAP_CRD_PC1_MODE|x64
		{4D2A103D-9B0E-405F-AB57-AD384DB775D8}.ENCAP_CRD_PC1_MODE|x86.ActiveCfg = ENCAP_CRD_PC1_MODE|Any CPU
		{4D2A103D-9B0E-405F-AB57-AD384DB775D8}.ENCAP_CRD_PC1_MODE|x86.Build.0 = ENCAP_CRD_PC1_MODE|Any CPU
		{4D2A103D-9B0E-405F-AB57-AD384DB775D8}.FOB_ACF_BONDER_PC5_MODE|Any CPU.ActiveCfg = FOB_ACF_BONDER_PC5_MODE|Any CPU
		{4D2A103D-9B0E-405F-AB57-AD384DB775D8}.FOB_ACF_BONDER_PC5_MODE|Any CPU.Build.0 = FOB_ACF_BONDER_PC5_MODE|Any CPU
		{4D2A103D-9B0E-405F-AB57-AD384DB775D8}.FOB_ACF_BONDER_PC5_MODE|x64.ActiveCfg = FOB_ACF_BONDER_PC5_MODE|x64
		{4D2A103D-9B0E-405F-AB57-AD384DB775D8}.FOB_ACF_BONDER_PC5_MODE|x64.Build.0 = FOB_ACF_BONDER_PC5_MODE|x64
		{4D2A103D-9B0E-405F-AB57-AD384DB775D8}.FOB_ACF_BONDER_PC5_MODE|x86.ActiveCfg = FOB_ACF_BONDER_PC5_MODE|Any CPU
		{4D2A103D-9B0E-405F-AB57-AD384DB775D8}.FOB_ACF_BONDER_PC5_MODE|x86.Build.0 = FOB_ACF_BONDER_PC5_MODE|Any CPU
		{4D2A103D-9B0E-405F-AB57-AD384DB775D8}.FOB_ACF_BONDER_PC6_MODE|Any CPU.ActiveCfg = FOB_ACF_BONDER_PC6_MODE|Any CPU
		{4D2A103D-9B0E-405F-AB57-AD384DB775D8}.FOB_ACF_BONDER_PC6_MODE|Any CPU.Build.0 = FOB_ACF_BONDER_PC6_MODE|Any CPU
		{4D2A103D-9B0E-405F-AB57-AD384DB775D8}.FOB_ACF_BONDER_PC6_MODE|x64.ActiveCfg = FOB_ACF_BONDER_PC6_MODE|x64
		{4D2A103D-9B0E-405F-AB57-AD384DB775D8}.FOB_ACF_BONDER_PC6_MODE|x64.Build.0 = FOB_ACF_BONDER_PC6_MODE|x64
		{4D2A103D-9B0E-405F-AB57-AD384DB775D8}.FOB_ACF_BONDER_PC6_MODE|x86.ActiveCfg = FOB_ACF_BONDER_PC6_MODE|Any CPU
		{4D2A103D-9B0E-405F-AB57-AD384DB775D8}.FOB_ACF_BONDER_PC6_MODE|x86.Build.0 = FOB_ACF_BONDER_PC6_MODE|Any CPU
		{4D2A103D-9B0E-405F-AB57-AD384DB775D8}.FOB_FINAL_BONDER_PC2_MODE|Any CPU.ActiveCfg = FOB_FINAL_BONDER_PC2_MODE|Any CPU
		{4D2A103D-9B0E-405F-AB57-AD384DB775D8}.FOB_FINAL_BONDER_PC2_MODE|Any CPU.Build.0 = FOB_FINAL_BONDER_PC2_MODE|Any CPU
		{4D2A103D-9B0E-405F-AB57-AD384DB775D8}.FOB_FINAL_BONDER_PC2_MODE|x64.ActiveCfg = FOB_FINAL_BONDER_PC2_MODE|x64
		{4D2A103D-9B0E-405F-AB57-AD384DB775D8}.FOB_FINAL_BONDER_PC2_MODE|x64.Build.0 = FOB_FINAL_BONDER_PC2_MODE|x64
		{4D2A103D-9B0E-405F-AB57-AD384DB775D8}.FOB_FINAL_BONDER_PC2_MODE|x86.ActiveCfg = FOB_FINAL_BONDER_PC2_MODE|Any CPU
		{4D2A103D-9B0E-405F-AB57-AD384DB775D8}.FOB_FINAL_BONDER_PC2_MODE|x86.Build.0 = FOB_FINAL_BONDER_PC2_MODE|Any CPU
		{4D2A103D-9B0E-405F-AB57-AD384DB775D8}.FOB_FINAL_BONDER_PC3_MODE|Any CPU.ActiveCfg = FOB_FINAL_BONDER_PC3_MODE|Any CPU
		{4D2A103D-9B0E-405F-AB57-AD384DB775D8}.FOB_FINAL_BONDER_PC3_MODE|Any CPU.Build.0 = FOB_FINAL_BONDER_PC3_MODE|Any CPU
		{4D2A103D-9B0E-405F-AB57-AD384DB775D8}.FOB_FINAL_BONDER_PC3_MODE|x64.ActiveCfg = FOB_FINAL_BONDER_PC3_MODE|x64
		{4D2A103D-9B0E-405F-AB57-AD384DB775D8}.FOB_FINAL_BONDER_PC3_MODE|x64.Build.0 = FOB_FINAL_BONDER_PC3_MODE|x64
		{4D2A103D-9B0E-405F-AB57-AD384DB775D8}.FOB_FINAL_BONDER_PC3_MODE|x86.ActiveCfg = FOB_FINAL_BONDER_PC3_MODE|Any CPU
		{4D2A103D-9B0E-405F-AB57-AD384DB775D8}.FOB_FINAL_BONDER_PC3_MODE|x86.Build.0 = FOB_FINAL_BONDER_PC3_MODE|Any CPU
		{4D2A103D-9B0E-405F-AB57-AD384DB775D8}.FOB_INSPECT_PC4_MODE|Any CPU.ActiveCfg = FOB_INSPECT_PC4_MODE|Any CPU
		{4D2A103D-9B0E-405F-AB57-AD384DB775D8}.FOB_INSPECT_PC4_MODE|Any CPU.Build.0 = FOB_INSPECT_PC4_MODE|Any CPU
		{4D2A103D-9B0E-405F-AB57-AD384DB775D8}.FOB_INSPECT_PC4_MODE|x64.ActiveCfg = FOB_INSPECT_PC4_MODE|x64
		{4D2A103D-9B0E-405F-AB57-AD384DB775D8}.FOB_INSPECT_PC4_MODE|x64.Build.0 = FOB_INSPECT_PC4_MODE|x64
		{4D2A103D-9B0E-405F-AB57-AD384DB775D8}.FOB_INSPECT_PC4_MODE|x86.ActiveCfg = FOB_INSPECT_PC4_MODE|Any CPU
		{4D2A103D-9B0E-405F-AB57-AD384DB775D8}.FOB_INSPECT_PC4_MODE|x86.Build.0 = FOB_INSPECT_PC4_MODE|Any CPU
		{4D2A103D-9B0E-405F-AB57-AD384DB775D8}.FOB_PANEL_ALIGN_PC1_MODE|Any CPU.ActiveCfg = FOB_PANEL_ALIGN_PC1_MODE|Any CPU
		{4D2A103D-9B0E-405F-AB57-AD384DB775D8}.FOB_PANEL_ALIGN_PC1_MODE|Any CPU.Build.0 = FOB_PANEL_ALIGN_PC1_MODE|Any CPU
		{4D2A103D-9B0E-405F-AB57-AD384DB775D8}.FOB_PANEL_ALIGN_PC1_MODE|x64.ActiveCfg = FOB_PANEL_ALIGN_PC1_MODE|x64
		{4D2A103D-9B0E-405F-AB57-AD384DB775D8}.FOB_PANEL_ALIGN_PC1_MODE|x64.Build.0 = FOB_PANEL_ALIGN_PC1_MODE|x64
		{4D2A103D-9B0E-405F-AB57-AD384DB775D8}.FOB_PANEL_ALIGN_PC1_MODE|x86.ActiveCfg = FOB_PANEL_ALIGN_PC1_MODE|Any CPU
		{4D2A103D-9B0E-405F-AB57-AD384DB775D8}.FOB_PANEL_ALIGN_PC1_MODE|x86.Build.0 = FOB_PANEL_ALIGN_PC1_MODE|Any CPU
		{4D2A103D-9B0E-405F-AB57-AD384DB775D8}.FOF_FINAL_BONDER_PC5_MODE|Any CPU.ActiveCfg = FOF_FINAL_BONDER_PC5_MODE|Any CPU
		{4D2A103D-9B0E-405F-AB57-AD384DB775D8}.FOF_FINAL_BONDER_PC5_MODE|Any CPU.Build.0 = FOF_FINAL_BONDER_PC5_MODE|Any CPU
		{4D2A103D-9B0E-405F-AB57-AD384DB775D8}.FOF_FINAL_BONDER_PC5_MODE|x64.ActiveCfg = FOF_FINAL_BONDER_PC5_MODE|x64
		{4D2A103D-9B0E-405F-AB57-AD384DB775D8}.FOF_FINAL_BONDER_PC5_MODE|x64.Build.0 = FOF_FINAL_BONDER_PC5_MODE|x64
		{4D2A103D-9B0E-405F-AB57-AD384DB775D8}.FOF_FINAL_BONDER_PC5_MODE|x86.ActiveCfg = FOF_FINAL_BONDER_PC5_MODE|Any CPU
		{4D2A103D-9B0E-405F-AB57-AD384DB775D8}.FOF_FINAL_BONDER_PC5_MODE|x86.Build.0 = FOF_FINAL_BONDER_PC5_MODE|Any CPU
		{4D2A103D-9B0E-405F-AB57-AD384DB775D8}.FOF_FOF_ACF_BONDER_PC7_MODE|Any CPU.ActiveCfg = FOF_FOF_ACF_BONDER_PC7_MODE|Any CPU
		{4D2A103D-9B0E-405F-AB57-AD384DB775D8}.FOF_FOF_ACF_BONDER_PC7_MODE|Any CPU.Build.0 = FOF_FOF_ACF_BONDER_PC7_MODE|Any CPU
		{4D2A103D-9B0E-405F-AB57-AD384DB775D8}.FOF_FOF_ACF_BONDER_PC7_MODE|x64.ActiveCfg = FOF_FOF_ACF_BONDER_PC7_MODE|x64
		{4D2A103D-9B0E-405F-AB57-AD384DB775D8}.FOF_FOF_ACF_BONDER_PC7_MODE|x64.Build.0 = FOF_FOF_ACF_BONDER_PC7_MODE|x64
		{4D2A103D-9B0E-405F-AB57-AD384DB775D8}.FOF_FOF_ACF_BONDER_PC7_MODE|x86.ActiveCfg = FOF_FOF_ACF_BONDER_PC7_MODE|Any CPU
		{4D2A103D-9B0E-405F-AB57-AD384DB775D8}.FOF_FOF_ACF_BONDER_PC7_MODE|x86.Build.0 = FOF_FOF_ACF_BONDER_PC7_MODE|Any CPU
		{4D2A103D-9B0E-405F-AB57-AD384DB775D8}.FOF_FOF_ACF_BONDER_PC8_MODE|Any CPU.ActiveCfg = FOF_FOF_ACF_BONDER_PC8_MODE|Any CPU
		{4D2A103D-9B0E-405F-AB57-AD384DB775D8}.FOF_FOF_ACF_BONDER_PC8_MODE|Any CPU.Build.0 = FOF_FOF_ACF_BONDER_PC8_MODE|Any CPU
		{4D2A103D-9B0E-405F-AB57-AD384DB775D8}.FOF_FOF_ACF_BONDER_PC8_MODE|x64.ActiveCfg = FOF_FOF_ACF_BONDER_PC8_MODE|x64
		{4D2A103D-9B0E-405F-AB57-AD384DB775D8}.FOF_FOF_ACF_BONDER_PC8_MODE|x64.Build.0 = FOF_FOF_ACF_BONDER_PC8_MODE|x64
		{4D2A103D-9B0E-405F-AB57-AD384DB775D8}.FOF_FOF_ACF_BONDER_PC8_MODE|x86.ActiveCfg = FOF_FOF_ACF_BONDER_PC8_MODE|Any CPU
		{4D2A103D-9B0E-405F-AB57-AD384DB775D8}.FOF_FOF_ACF_BONDER_PC8_MODE|x86.Build.0 = FOF_FOF_ACF_BONDER_PC8_MODE|Any CPU
		{4D2A103D-9B0E-405F-AB57-AD384DB775D8}.FOF_FOP_ACF_BONDER_PC1_MODE|Any CPU.ActiveCfg = FOF_FOP_ACF_BONDER_PC1_MODE|Any CPU
		{4D2A103D-9B0E-405F-AB57-AD384DB775D8}.FOF_FOP_ACF_BONDER_PC1_MODE|Any CPU.Build.0 = FOF_FOP_ACF_BONDER_PC1_MODE|Any CPU
		{4D2A103D-9B0E-405F-AB57-AD384DB775D8}.FOF_FOP_ACF_BONDER_PC1_MODE|x64.ActiveCfg = FOF_FOP_ACF_BONDER_PC1_MODE|x64
		{4D2A103D-9B0E-405F-AB57-AD384DB775D8}.FOF_FOP_ACF_BONDER_PC1_MODE|x64.Build.0 = FOF_FOP_ACF_BONDER_PC1_MODE|x64
		{4D2A103D-9B0E-405F-AB57-AD384DB775D8}.FOF_FOP_ACF_BONDER_PC1_MODE|x86.ActiveCfg = FOF_FOP_ACF_BONDER_PC1_MODE|Any CPU
		{4D2A103D-9B0E-405F-AB57-AD384DB775D8}.FOF_FOP_ACF_BONDER_PC1_MODE|x86.Build.0 = FOF_FOP_ACF_BONDER_PC1_MODE|Any CPU
		{4D2A103D-9B0E-405F-AB57-AD384DB775D8}.FOF_FOP_ACF_BONDER_PC2_MODE|Any CPU.ActiveCfg = FOF_FOP_ACF_BONDER_PC2_MODE|Any CPU
		{4D2A103D-9B0E-405F-AB57-AD384DB775D8}.FOF_FOP_ACF_BONDER_PC2_MODE|Any CPU.Build.0 = FOF_FOP_ACF_BONDER_PC2_MODE|Any CPU
		{4D2A103D-9B0E-405F-AB57-AD384DB775D8}.FOF_FOP_ACF_BONDER_PC2_MODE|x64.ActiveCfg = FOF_FOP_ACF_BONDER_PC2_MODE|x64
		{4D2A103D-9B0E-405F-AB57-AD384DB775D8}.FOF_FOP_ACF_BONDER_PC2_MODE|x64.Build.0 = FOF_FOP_ACF_BONDER_PC2_MODE|x64
		{4D2A103D-9B0E-405F-AB57-AD384DB775D8}.FOF_FOP_ACF_BONDER_PC2_MODE|x86.ActiveCfg = FOF_FOP_ACF_BONDER_PC2_MODE|Any CPU
		{4D2A103D-9B0E-405F-AB57-AD384DB775D8}.FOF_FOP_ACF_BONDER_PC2_MODE|x86.Build.0 = FOF_FOP_ACF_BONDER_PC2_MODE|Any CPU
		{4D2A103D-9B0E-405F-AB57-AD384DB775D8}.FOF_FPC_LOADER_PC6_MODE|Any CPU.ActiveCfg = FOF_FPC_LOADER_PC6_MODE|Any CPU
		{4D2A103D-9B0E-405F-AB57-AD384DB775D8}.FOF_FPC_LOADER_PC6_MODE|Any CPU.Build.0 = FOF_FPC_LOADER_PC6_MODE|Any CPU
		{4D2A103D-9B0E-405F-AB57-AD384DB775D8}.FOF_FPC_LOADER_PC6_MODE|x64.ActiveCfg = FOF_FPC_LOADER_PC6_MODE|x64
		{4D2A103D-9B0E-405F-AB57-AD384DB775D8}.FOF_FPC_LOADER_PC6_MODE|x64.Build.0 = FOF_FPC_LOADER_PC6_MODE|x64
		{4D2A103D-9B0E-405F-AB57-AD384DB775D8}.FOF_FPC_LOADER_PC6_MODE|x86.ActiveCfg = FOF_FPC_LOADER_PC6_MODE|Any CPU
		{4D2A103D-9B0E-405F-AB57-AD384DB775D8}.FOF_FPC_LOADER_PC6_MODE|x86.Build.0 = FOF_FPC_LOADER_PC6_MODE|Any CPU
		{4D2A103D-9B0E-405F-AB57-AD384DB775D8}.FOF_PRE_BONDER_PC3_MODE|Any CPU.ActiveCfg = FOF_PRE_BONDER_PC3_MODE|Any CPU
		{4D2A103D-9B0E-405F-AB57-AD384DB775D8}.FOF_PRE_BONDER_PC3_MODE|Any CPU.Build.0 = FOF_PRE_BONDER_PC3_MODE|Any CPU
		{4D2A103D-9B0E-405F-AB57-AD384DB775D8}.FOF_PRE_BONDER_PC3_MODE|x64.ActiveCfg = FOF_PRE_BONDER_PC3_MODE|x64
		{4D2A103D-9B0E-405F-AB57-AD384DB775D8}.FOF_PRE_BONDER_PC3_MODE|x64.Build.0 = FOF_PRE_BONDER_PC3_MODE|x64
		{4D2A103D-9B0E-405F-AB57-AD384DB775D8}.FOF_PRE_BONDER_PC3_MODE|x86.ActiveCfg = FOF_PRE_BONDER_PC3_MODE|Any CPU
		{4D2A103D-9B0E-405F-AB57-AD384DB775D8}.FOF_PRE_BONDER_PC3_MODE|x86.Build.0 = FOF_PRE_BONDER_PC3_MODE|Any CPU
		{4D2A103D-9B0E-405F-AB57-AD384DB775D8}.FOF_PRE_BONDER_PC4_MODE|Any CPU.ActiveCfg = FOF_PRE_BONDER_PC4_MODE|Any CPU
		{4D2A103D-9B0E-405F-AB57-AD384DB775D8}.FOF_PRE_BONDER_PC4_MODE|Any CPU.Build.0 = FOF_PRE_BONDER_PC4_MODE|Any CPU
		{4D2A103D-9B0E-405F-AB57-AD384DB775D8}.FOF_PRE_BONDER_PC4_MODE|x64.ActiveCfg = FOF_PRE_BONDER_PC4_MODE|x64
		{4D2A103D-9B0E-405F-AB57-AD384DB775D8}.FOF_PRE_BONDER_PC4_MODE|x64.Build.0 = FOF_PRE_BONDER_PC4_MODE|x64
		{4D2A103D-9B0E-405F-AB57-AD384DB775D8}.FOF_PRE_BONDER_PC4_MODE|x86.ActiveCfg = FOF_PRE_BONDER_PC4_MODE|Any CPU
		{4D2A103D-9B0E-405F-AB57-AD384DB775D8}.FOF_PRE_BONDER_PC4_MODE|x86.Build.0 = FOF_PRE_BONDER_PC4_MODE|Any CPU
		{4D2A103D-9B0E-405F-AB57-AD384DB775D8}.OLB_ACF_BONDER_PC1_MODE|Any CPU.ActiveCfg = OLB_ACF_BONDER_PC1_MODE|Any CPU
		{4D2A103D-9B0E-405F-AB57-AD384DB775D8}.OLB_ACF_BONDER_PC1_MODE|Any CPU.Build.0 = OLB_ACF_BONDER_PC1_MODE|Any CPU
		{4D2A103D-9B0E-405F-AB57-AD384DB775D8}.OLB_ACF_BONDER_PC1_MODE|x64.ActiveCfg = OLB_ACF_BONDER_PC1_MODE|x64
		{4D2A103D-9B0E-405F-AB57-AD384DB775D8}.OLB_ACF_BONDER_PC1_MODE|x64.Build.0 = OLB_ACF_BONDER_PC1_MODE|x64
		{4D2A103D-9B0E-405F-AB57-AD384DB775D8}.OLB_ACF_BONDER_PC1_MODE|x86.ActiveCfg = OLB_ACF_BONDER_PC1_MODE|Any CPU
		{4D2A103D-9B0E-405F-AB57-AD384DB775D8}.OLB_ACF_BONDER_PC1_MODE|x86.Build.0 = OLB_ACF_BONDER_PC1_MODE|Any CPU
		{4D2A103D-9B0E-405F-AB57-AD384DB775D8}.OLB_ACF_BONDER_PC2_MODE|Any CPU.ActiveCfg = OLB_ACF_BONDER_PC2_MODE|Any CPU
		{4D2A103D-9B0E-405F-AB57-AD384DB775D8}.OLB_ACF_BONDER_PC2_MODE|Any CPU.Build.0 = OLB_ACF_BONDER_PC2_MODE|Any CPU
		{4D2A103D-9B0E-405F-AB57-AD384DB775D8}.OLB_ACF_BONDER_PC2_MODE|x64.ActiveCfg = OLB_ACF_BONDER_PC2_MODE|x64
		{4D2A103D-9B0E-405F-AB57-AD384DB775D8}.OLB_ACF_BONDER_PC2_MODE|x64.Build.0 = OLB_ACF_BONDER_PC2_MODE|x64
		{4D2A103D-9B0E-405F-AB57-AD384DB775D8}.OLB_ACF_BONDER_PC2_MODE|x86.ActiveCfg = OLB_ACF_BONDER_PC2_MODE|Any CPU
		{4D2A103D-9B0E-405F-AB57-AD384DB775D8}.OLB_ACF_BONDER_PC2_MODE|x86.Build.0 = OLB_ACF_BONDER_PC2_MODE|Any CPU
		{4D2A103D-9B0E-405F-AB57-AD384DB775D8}.OLB_COF_LOADER_PC4_MODE|Any CPU.ActiveCfg = OLB_COF_LOADER_PC4_MODE|Any CPU
		{4D2A103D-9B0E-405F-AB57-AD384DB775D8}.OLB_COF_LOADER_PC4_MODE|Any CPU.Build.0 = OLB_COF_LOADER_PC4_MODE|Any CPU
		{4D2A103D-9B0E-405F-AB57-AD384DB775D8}.OLB_COF_LOADER_PC4_MODE|x64.ActiveCfg = OLB_COF_LOADER_PC4_MODE|x64
		{4D2A103D-9B0E-405F-AB57-AD384DB775D8}.OLB_COF_LOADER_PC4_MODE|x64.Build.0 = OLB_COF_LOADER_PC4_MODE|x64
		{4D2A103D-9B0E-405F-AB57-AD384DB775D8}.OLB_COF_LOADER_PC4_MODE|x86.ActiveCfg = OLB_COF_LOADER_PC4_MODE|Any CPU
		{4D2A103D-9B0E-405F-AB57-AD384DB775D8}.OLB_COF_LOADER_PC4_MODE|x86.Build.0 = OLB_COF_LOADER_PC4_MODE|Any CPU
		{4D2A103D-9B0E-405F-AB57-AD384DB775D8}.OLB_COF_LOADER_PC5_MODE|Any CPU.ActiveCfg = OLB_COF_LOADER_PC5_MODE|Any CPU
		{4D2A103D-9B0E-405F-AB57-AD384DB775D8}.OLB_COF_LOADER_PC5_MODE|Any CPU.Build.0 = OLB_COF_LOADER_PC5_MODE|Any CPU
		{4D2A103D-9B0E-405F-AB57-AD384DB775D8}.OLB_COF_LOADER_PC5_MODE|x64.ActiveCfg = OLB_COF_LOADER_PC5_MODE|x64
		{4D2A103D-9B0E-405F-AB57-AD384DB775D8}.OLB_COF_LOADER_PC5_MODE|x64.Build.0 = OLB_COF_LOADER_PC5_MODE|x64
		{4D2A103D-9B0E-405F-AB57-AD384DB775D8}.OLB_COF_LOADER_PC5_MODE|x86.ActiveCfg = OLB_COF_LOADER_PC5_MODE|Any CPU
		{4D2A103D-9B0E-405F-AB57-AD384DB775D8}.OLB_COF_LOADER_PC5_MODE|x86.Build.0 = OLB_COF_LOADER_PC5_MODE|Any CPU
		{4D2A103D-9B0E-405F-AB57-AD384DB775D8}.OLB_FINAL_BONDER_PC6_MODE|Any CPU.ActiveCfg = OLB_FINAL_BONDER_PC6_MODE|Any CPU
		{4D2A103D-9B0E-405F-AB57-AD384DB775D8}.OLB_FINAL_BONDER_PC6_MODE|Any CPU.Build.0 = OLB_FINAL_BONDER_PC6_MODE|Any CPU
		{4D2A103D-9B0E-405F-AB57-AD384DB775D8}.OLB_FINAL_BONDER_PC6_MODE|x64.ActiveCfg = OLB_FINAL_BONDER_PC6_MODE|x64
		{4D2A103D-9B0E-405F-AB57-AD384DB775D8}.OLB_FINAL_BONDER_PC6_MODE|x64.Build.0 = OLB_FINAL_BONDER_PC6_MODE|x64
		{4D2A103D-9B0E-405F-AB57-AD384DB775D8}.OLB_FINAL_BONDER_PC6_MODE|x86.ActiveCfg = OLB_FINAL_BONDER_PC6_MODE|Any CPU
		{4D2A103D-9B0E-405F-AB57-AD384DB775D8}.OLB_FINAL_BONDER_PC6_MODE|x86.Build.0 = OLB_FINAL_BONDER_PC6_MODE|Any CPU
		{4D2A103D-9B0E-405F-AB57-AD384DB775D8}.OLB_PRE_BONDER_PC3_MODE|Any CPU.ActiveCfg = OLB_PRE_BONDER_PC3_MODE|Any CPU
		{4D2A103D-9B0E-405F-AB57-AD384DB775D8}.OLB_PRE_BONDER_PC3_MODE|Any CPU.Build.0 = OLB_PRE_BONDER_PC3_MODE|Any CPU
		{4D2A103D-9B0E-405F-AB57-AD384DB775D8}.OLB_PRE_BONDER_PC3_MODE|x64.ActiveCfg = OLB_PRE_BONDER_PC3_MODE|x64
		{4D2A103D-9B0E-405F-AB57-AD384DB775D8}.OLB_PRE_BONDER_PC3_MODE|x64.Build.0 = OLB_PRE_BONDER_PC3_MODE|x64
		{4D2A103D-9B0E-405F-AB57-AD384DB775D8}.OLB_PRE_BONDER_PC3_MODE|x86.ActiveCfg = OLB_PRE_BONDER_PC3_MODE|Any CPU
		{4D2A103D-9B0E-405F-AB57-AD384DB775D8}.OLB_PRE_BONDER_PC3_MODE|x86.Build.0 = OLB_PRE_BONDER_PC3_MODE|Any CPU
		{4D2A103D-9B0E-405F-AB57-AD384DB775D8}.Releas|Any CPU.ActiveCfg = Releas|Any CPU
		{4D2A103D-9B0E-405F-AB57-AD384DB775D8}.Releas|Any CPU.Build.0 = Releas|Any CPU
		{4D2A103D-9B0E-405F-AB57-AD384DB775D8}.Releas|x64.ActiveCfg = Releas|x64
		{4D2A103D-9B0E-405F-AB57-AD384DB775D8}.Releas|x64.Build.0 = Releas|x64
		{4D2A103D-9B0E-405F-AB57-AD384DB775D8}.Releas|x86.ActiveCfg = Releas|Any CPU
		{4D2A103D-9B0E-405F-AB57-AD384DB775D8}.Releas|x86.Build.0 = Releas|Any CPU
		{4D2A103D-9B0E-405F-AB57-AD384DB775D8}.Release|Any CPU.ActiveCfg = Release|Any CPU
		{4D2A103D-9B0E-405F-AB57-AD384DB775D8}.Release|Any CPU.Build.0 = Release|Any CPU
		{4D2A103D-9B0E-405F-AB57-AD384DB775D8}.Release|x64.ActiveCfg = Release|x64
		{4D2A103D-9B0E-405F-AB57-AD384DB775D8}.Release|x64.Build.0 = Release|x64
		{4D2A103D-9B0E-405F-AB57-AD384DB775D8}.Release|x86.ActiveCfg = Release|Any CPU
		{4D2A103D-9B0E-405F-AB57-AD384DB775D8}.Release|x86.Build.0 = Release|Any CPU
		{4D2A103D-9B0E-405F-AB57-AD384DB775D8}.TFOG_ALIGN_INSPECT_PC4_MODE|Any CPU.ActiveCfg = TFOG_ALIGN_INSPECT_PC4_MODE|Any CPU
		{4D2A103D-9B0E-405F-AB57-AD384DB775D8}.TFOG_ALIGN_INSPECT_PC4_MODE|Any CPU.Build.0 = TFOG_ALIGN_INSPECT_PC4_MODE|Any CPU
		{4D2A103D-9B0E-405F-AB57-AD384DB775D8}.TFOG_ALIGN_INSPECT_PC4_MODE|x64.ActiveCfg = TFOG_ALIGN_INSPECT_PC4_MODE|x64
		{4D2A103D-9B0E-405F-AB57-AD384DB775D8}.TFOG_ALIGN_INSPECT_PC4_MODE|x64.Build.0 = TFOG_ALIGN_INSPECT_PC4_MODE|x64
		{4D2A103D-9B0E-405F-AB57-AD384DB775D8}.TFOG_ALIGN_INSPECT_PC4_MODE|x86.ActiveCfg = TFOG_ALIGN_INSPECT_PC4_MODE|Any CPU
		{4D2A103D-9B0E-405F-AB57-AD384DB775D8}.TFOG_ALIGN_INSPECT_PC4_MODE|x86.Build.0 = TFOG_ALIGN_INSPECT_PC4_MODE|Any CPU
		{4D2A103D-9B0E-405F-AB57-AD384DB775D8}.TFOG_FINAL_BONDER_PC3_MODE|Any CPU.ActiveCfg = TFOG_FINAL_BONDER_PC3_MODE|Any CPU
		{4D2A103D-9B0E-405F-AB57-AD384DB775D8}.TFOG_FINAL_BONDER_PC3_MODE|Any CPU.Build.0 = TFOG_FINAL_BONDER_PC3_MODE|Any CPU
		{4D2A103D-9B0E-405F-AB57-AD384DB775D8}.TFOG_FINAL_BONDER_PC3_MODE|x64.ActiveCfg = TFOG_FINAL_BONDER_PC3_MODE|x64
		{4D2A103D-9B0E-405F-AB57-AD384DB775D8}.TFOG_FINAL_BONDER_PC3_MODE|x64.Build.0 = TFOG_FINAL_BONDER_PC3_MODE|x64
		{4D2A103D-9B0E-405F-AB57-AD384DB775D8}.TFOG_FINAL_BONDER_PC3_MODE|x86.ActiveCfg = TFOG_FINAL_BONDER_PC3_MODE|Any CPU
		{4D2A103D-9B0E-405F-AB57-AD384DB775D8}.TFOG_FINAL_BONDER_PC3_MODE|x86.Build.0 = TFOG_FINAL_BONDER_PC3_MODE|Any CPU
		{4D2A103D-9B0E-405F-AB57-AD384DB775D8}.TFOG_FOP_ACF_BONDER_PC1_MODE|Any CPU.ActiveCfg = TFOG_FOP_ACF_BONDER_PC1_MODE|Any CPU
		{4D2A103D-9B0E-405F-AB57-AD384DB775D8}.TFOG_FOP_ACF_BONDER_PC1_MODE|Any CPU.Build.0 = TFOG_FOP_ACF_BONDER_PC1_MODE|Any CPU
		{4D2A103D-9B0E-405F-AB57-AD384DB775D8}.TFOG_FOP_ACF_BONDER_PC1_MODE|x64.ActiveCfg = TFOG_FOP_ACF_BONDER_PC1_MODE|x64
		{4D2A103D-9B0E-405F-AB57-AD384DB775D8}.TFOG_FOP_ACF_BONDER_PC1_MODE|x64.Build.0 = TFOG_FOP_ACF_BONDER_PC1_MODE|x64
		{4D2A103D-9B0E-405F-AB57-AD384DB775D8}.TFOG_FOP_ACF_BONDER_PC1_MODE|x86.ActiveCfg = TFOG_FOP_ACF_BONDER_PC1_MODE|Any CPU
		{4D2A103D-9B0E-405F-AB57-AD384DB775D8}.TFOG_FOP_ACF_BONDER_PC1_MODE|x86.Build.0 = TFOG_FOP_ACF_BONDER_PC1_MODE|Any CPU
		{4D2A103D-9B0E-405F-AB57-AD384DB775D8}.TFOG_PRE_BONDER_PC2_MODE|Any CPU.ActiveCfg = TFOG_PRE_BONDER_PC2_MODE|Any CPU
		{4D2A103D-9B0E-405F-AB57-AD384DB775D8}.TFOG_PRE_BONDER_PC2_MODE|Any CPU.Build.0 = TFOG_PRE_BONDER_PC2_MODE|Any CPU
		{4D2A103D-9B0E-405F-AB57-AD384DB775D8}.TFOG_PRE_BONDER_PC2_MODE|x64.ActiveCfg = TFOG_PRE_BONDER_PC2_MODE|x64
		{4D2A103D-9B0E-405F-AB57-AD384DB775D8}.TFOG_PRE_BONDER_PC2_MODE|x64.Build.0 = TFOG_PRE_BONDER_PC2_MODE|x64
		{4D2A103D-9B0E-405F-AB57-AD384DB775D8}.TFOG_PRE_BONDER_PC2_MODE|x86.ActiveCfg = TFOG_PRE_BONDER_PC2_MODE|Any CPU
		{4D2A103D-9B0E-405F-AB57-AD384DB775D8}.TFOG_PRE_BONDER_PC2_MODE|x86.Build.0 = TFOG_PRE_BONDER_PC2_MODE|Any CPU
	EndGlobalSection
	GlobalSection(SolutionProperties) = preSolution
		HideSolutionNode = FALSE
	EndGlobalSection
	GlobalSection(NestedProjects) = preSolution
		{4D2A103D-9B0E-405F-AB57-AD384DB775D8} = {4B7A6CFF-D7D4-493C-9DE9-CE85AFDE8FE2}
	EndGlobalSection
	GlobalSection(ExtensibilityGlobals) = postSolution
		SolutionGuid = {6C20D1FE-B69D-4150-ABFA-92634C6729FD}
	EndGlobalSection
EndGlobal
